
Microsoft Visual Studio Solution File, Format Version 12.00
# Visual Studio Version 17
VisualStudioVersion = 17.11.35222.181
MinimumVisualStudioVersion = 10.0.40219.1
Project("{FAE04EC0-301F-11D3-BF4B-00C04F79EFBC}") = "code-revision-assignment", "code-revision-assignment.csproj", "{B99E72D4-BA9E-4FC1-B0DD-650195A04BD5}"
EndProject
Global
	GlobalSection(SolutionConfigurationPlatforms) = preSolution
		Debug|Any CPU = Debug|Any CPU
		Release|Any CPU = Release|Any CPU
	EndGlobalSection
	GlobalSection(ProjectConfigurationPlatforms) = postSolution
		{B99E72D4-BA9E-4FC1-B0DD-650195A04BD5}.Debug|Any CPU.ActiveCfg = Debug|Any CPU
		{B99E72D4-BA9E-4FC1-B0DD-650195A04BD5}.Debug|Any CPU.Build.0 = Debug|Any CPU
		{B99E72D4-BA9E-4FC1-B0DD-650195A04BD5}.Release|Any CPU.ActiveCfg = Release|Any CPU
		{B99E72D4-BA9E-4FC1-B0DD-650195A04BD5}.Release|Any CPU.Build.0 = Release|Any CPU
	EndGlobalSection
	GlobalSection(SolutionProperties) = preSolution
		HideSolutionNode = FALSE
	EndGlobalSection
	GlobalSection(ExtensibilityGlobals) = postSolution
		SolutionGuid = {44FC5E4B-204E-4530-BF4E-AC2DEB5FABD8}
	EndGlobalSection
EndGlobal
